
Microsoft Visual Studio Solution File, Format Version 12.00
# Visual Studio Version 16
VisualStudioVersion = 16.0.31112.23
MinimumVisualStudioVersion = 10.0.40219.1
Project("{8BC9CEB8-8B4A-11D0-8D11-00A0C91BC942}") = "libglew", "libglew\libglew.vcxproj", "{9DBCE6B3-8CBD-4A62-BFD1-315A8459C8B0}"
EndProject
Project("{8BC9CEB8-8B4A-11D0-8D11-00A0C91BC942}") = "libglfw3", "libglfw3\libglfw3.vcxproj", "{9710D0E6-CE03-447E-9DB7-00982363C58A}"
EndProject
Project("{8BC9CEB8-8B4A-11D0-8D11-00A0C91BC942}") = "libdeflate", "libdeflate\libdeflate.vcxproj", "{C239FB63-7CDC-4059-B722-504BC78B4D76}"
EndProject
Project("{8BC9CEB8-8B4A-11D0-8D11-00A0C91BC942}") = "deflate", "deflate\deflate.vcxproj", "{30C1B965-09EC-4928-A810-093274FBEB46}"
EndProject
Project("{8BC9CEB8-8B4A-11D0-8D11-00A0C91BC942}") = "libopenmpt", "libopenmpt\libopenmpt.vcxproj", "{B2A3139C-8F1D-453F-B53E-16354DC6B7DC}"
EndProject
Project("{8BC9CEB8-8B4A-11D0-8D11-00A0C91BC942}") = "libmpg32", "libmpg32\libmpg32.vcxproj", "{F73DB4BD-674A-441A-9AB2-9E7BC823DA5D}"
EndProject
Project("{8BC9CEB8-8B4A-11D0-8D11-00A0C91BC942}") = "libmpg64", "libmpg64\libmpg64.vcxproj", "{A2FE10E6-6309-42AF-BC97-0AFFC4D5CD7D}"
EndProject
Project("{8BC9CEB8-8B4A-11D0-8D11-00A0C91BC942}") = "ogg", "ogg\ogg.vcxproj", "{3A835B71-24B8-4268-AD6F-74A4950BD45D}"
EndProject
Project("{8BC9CEB8-8B4A-11D0-8D11-00A0C91BC942}") = "libogg", "libogg\libogg.vcxproj", "{7812A865-7504-4BEE-9613-F4141B5E6313}"
EndProject
Project("{8BC9CEB8-8B4A-11D0-8D11-00A0C91BC942}") = "vorbis", "vorbis\vorbis.vcxproj", "{B5CF95CE-C3F6-4FF6-9652-472AABE2F739}"
EndProject
Project("{8BC9CEB8-8B4A-11D0-8D11-00A0C91BC942}") = "libvorbis", "libvorbis\libvorbis.vcxproj", "{683D1B47-138B-4575-9DEC-27A74F4B7615}"
EndProject
Project("{8BC9CEB8-8B4A-11D0-8D11-00A0C91BC942}") = "Jazz2", "Jazz2\Jazz2.vcxproj", "{1CD61DCB-ED56-46AB-ADBD-40E6E3B9CC85}"
EndProject
Project("{8BC9CEB8-8B4A-11D0-8D11-00A0C91BC942}") = "libncine", "libncine\libncine.vcxproj", "{C10E418E-3D35-4737-8F7B-FB3AD6063187}"
EndProject
Project("{8BC9CEB8-8B4A-11D0-8D11-00A0C91BC942}") = "openal", "openal\openal.vcxproj", "{2960C69F-C728-452D-A08F-42A7436567FE}"
EndProject
Project("{8BC9CEB8-8B4A-11D0-8D11-00A0C91BC942}") = "libopenal", "libopenal\libopenal.vcxproj", "{2E6BF5E8-69DF-48EE-AF81-F6B5A8AFE6D7}"
EndProject
Project("{8BC9CEB8-8B4A-11D0-8D11-00A0C91BC942}") = "libvorbisfile", "libvorbisfile\libvorbisfile.vcxproj", "{2EB153F6-1DBA-4CF8-8F9D-BE3DB30C7F26}"
EndProject
Project("{8BC9CEB8-8B4A-11D0-8D11-00A0C91BC942}") = "openmpt", "openmpt\openmpt.vcxproj", "{AA7F0C72-C9D3-41AF-9696-2C6841201FEC}"
EndProject
Project("{8BC9CEB8-8B4A-11D0-8D11-00A0C91BC942}") = "vorbisfile", "vorbisfile\vorbisfile.vcxproj", "{57F67AA8-84B2-4132-AE1F-72572FF561DA}"
EndProject
Project("{8BC9CEB8-8B4A-11D0-8D11-00A0C91BC942}") = "glfw3", "glfw3\glfw3.vcxproj", "{69E936B6-C380-4A62-AD90-75614F83FE50}"
EndProject
Project("{8BC9CEB8-8B4A-11D0-8D11-00A0C91BC942}") = "zlib", "zlib\zlib.vcxproj", "{2942F596-3AD9-46DC-865B-F84BECFE8BDB}"
EndProject
Project("{8BC9CEB8-8B4A-11D0-8D11-00A0C91BC942}") = "libzlib", "libzlib\libzlib.vcxproj", "{3EDA72B4-0BF1-4D04-ADE4-B6ED77CDB985}"
EndProject
Project("{8BC9CEB8-8B4A-11D0-8D11-00A0C91BC942}") = "glew", "glew\glew.vcxproj", "{587C2B17-CB09-4CD4-B809-84A499B9B89F}"
EndProject
Global
	GlobalSection(SolutionConfigurationPlatforms) = preSolution
		Debug|x64 = Debug|x64
		Debug|x86 = Debug|x86
		MinSizeRel|x64 = MinSizeRel|x64
		MinSizeRel|x86 = MinSizeRel|x86
		Release|x64 = Release|x64
		Release|x86 = Release|x86
		RelWithDebInfo|x64 = RelWithDebInfo|x64
		RelWithDebInfo|x86 = RelWithDebInfo|x86
	EndGlobalSection
	GlobalSection(ProjectConfigurationPlatforms) = postSolution
		{9DBCE6B3-8CBD-4A62-BFD1-315A8459C8B0}.Debug|x64.ActiveCfg = Debug|x64
		{9DBCE6B3-8CBD-4A62-BFD1-315A8459C8B0}.Debug|x64.Build.0 = Debug|x64
		{9DBCE6B3-8CBD-4A62-BFD1-315A8459C8B0}.Debug|x86.ActiveCfg = Debug|Win32
		{9DBCE6B3-8CBD-4A62-BFD1-315A8459C8B0}.Debug|x86.Build.0 = Debug|Win32
		{9DBCE6B3-8CBD-4A62-BFD1-315A8459C8B0}.MinSizeRel|x64.ActiveCfg = Release|x64
		{9DBCE6B3-8CBD-4A62-BFD1-315A8459C8B0}.MinSizeRel|x64.Build.0 = Release|x64
		{9DBCE6B3-8CBD-4A62-BFD1-315A8459C8B0}.MinSizeRel|x86.ActiveCfg = Release|Win32
		{9DBCE6B3-8CBD-4A62-BFD1-315A8459C8B0}.MinSizeRel|x86.Build.0 = Release|Win32
		{9DBCE6B3-8CBD-4A62-BFD1-315A8459C8B0}.Release|x64.ActiveCfg = Release|x64
		{9DBCE6B3-8CBD-4A62-BFD1-315A8459C8B0}.Release|x64.Build.0 = Release|x64
		{9DBCE6B3-8CBD-4A62-BFD1-315A8459C8B0}.Release|x86.ActiveCfg = Release|Win32
		{9DBCE6B3-8CBD-4A62-BFD1-315A8459C8B0}.Release|x86.Build.0 = Release|Win32
		{9DBCE6B3-8CBD-4A62-BFD1-315A8459C8B0}.RelWithDebInfo|x64.ActiveCfg = Release|x64
		{9DBCE6B3-8CBD-4A62-BFD1-315A8459C8B0}.RelWithDebInfo|x64.Build.0 = Release|x64
		{9DBCE6B3-8CBD-4A62-BFD1-315A8459C8B0}.RelWithDebInfo|x86.ActiveCfg = Release|Win32
		{9DBCE6B3-8CBD-4A62-BFD1-315A8459C8B0}.RelWithDebInfo|x86.Build.0 = Release|Win32
		{9710D0E6-CE03-447E-9DB7-00982363C58A}.Debug|x64.ActiveCfg = Debug|x64
		{9710D0E6-CE03-447E-9DB7-00982363C58A}.Debug|x64.Build.0 = Debug|x64
		{9710D0E6-CE03-447E-9DB7-00982363C58A}.Debug|x86.ActiveCfg = Debug|Win32
		{9710D0E6-CE03-447E-9DB7-00982363C58A}.Debug|x86.Build.0 = Debug|Win32
		{9710D0E6-CE03-447E-9DB7-00982363C58A}.MinSizeRel|x64.ActiveCfg = Release|x64
		{9710D0E6-CE03-447E-9DB7-00982363C58A}.MinSizeRel|x64.Build.0 = Release|x64
		{9710D0E6-CE03-447E-9DB7-00982363C58A}.MinSizeRel|x86.ActiveCfg = Release|Win32
		{9710D0E6-CE03-447E-9DB7-00982363C58A}.MinSizeRel|x86.Build.0 = Release|Win32
		{9710D0E6-CE03-447E-9DB7-00982363C58A}.Release|x64.ActiveCfg = Release|x64
		{9710D0E6-CE03-447E-9DB7-00982363C58A}.Release|x64.Build.0 = Release|x64
		{9710D0E6-CE03-447E-9DB7-00982363C58A}.Release|x86.ActiveCfg = Release|Win32
		{9710D0E6-CE03-447E-9DB7-00982363C58A}.Release|x86.Build.0 = Release|Win32
		{9710D0E6-CE03-447E-9DB7-00982363C58A}.RelWithDebInfo|x64.ActiveCfg = Release|x64
		{9710D0E6-CE03-447E-9DB7-00982363C58A}.RelWithDebInfo|x64.Build.0 = Release|x64
		{9710D0E6-CE03-447E-9DB7-00982363C58A}.RelWithDebInfo|x86.ActiveCfg = Release|Win32
		{9710D0E6-CE03-447E-9DB7-00982363C58A}.RelWithDebInfo|x86.Build.0 = Release|Win32
		{C239FB63-7CDC-4059-B722-504BC78B4D76}.Debug|x64.ActiveCfg = Debug|x64
		{C239FB63-7CDC-4059-B722-504BC78B4D76}.Debug|x64.Build.0 = Debug|x64
		{C239FB63-7CDC-4059-B722-504BC78B4D76}.Debug|x86.ActiveCfg = Debug|Win32
		{C239FB63-7CDC-4059-B722-504BC78B4D76}.Debug|x86.Build.0 = Debug|Win32
		{C239FB63-7CDC-4059-B722-504BC78B4D76}.MinSizeRel|x64.ActiveCfg = Release|x64
		{C239FB63-7CDC-4059-B722-504BC78B4D76}.MinSizeRel|x64.Build.0 = Release|x64
		{C239FB63-7CDC-4059-B722-504BC78B4D76}.MinSizeRel|x86.ActiveCfg = Release|Win32
		{C239FB63-7CDC-4059-B722-504BC78B4D76}.MinSizeRel|x86.Build.0 = Release|Win32
		{C239FB63-7CDC-4059-B722-504BC78B4D76}.Release|x64.ActiveCfg = Release|x64
		{C239FB63-7CDC-4059-B722-504BC78B4D76}.Release|x64.Build.0 = Release|x64
		{C239FB63-7CDC-4059-B722-504BC78B4D76}.Release|x86.ActiveCfg = Release|Win32
		{C239FB63-7CDC-4059-B722-504BC78B4D76}.Release|x86.Build.0 = Release|Win32
		{C239FB63-7CDC-4059-B722-504BC78B4D76}.RelWithDebInfo|x64.ActiveCfg = Release|x64
		{C239FB63-7CDC-4059-B722-504BC78B4D76}.RelWithDebInfo|x64.Build.0 = Release|x64
		{C239FB63-7CDC-4059-B722-504BC78B4D76}.RelWithDebInfo|x86.ActiveCfg = Release|Win32
		{C239FB63-7CDC-4059-B722-504BC78B4D76}.RelWithDebInfo|x86.Build.0 = Release|Win32
		{30C1B965-09EC-4928-A810-093274FBEB46}.Debug|x64.ActiveCfg = Debug|x64
		{30C1B965-09EC-4928-A810-093274FBEB46}.Debug|x64.Build.0 = Debug|x64
		{30C1B965-09EC-4928-A810-093274FBEB46}.Debug|x86.ActiveCfg = Debug|Win32
		{30C1B965-09EC-4928-A810-093274FBEB46}.Debug|x86.Build.0 = Debug|Win32
		{30C1B965-09EC-4928-A810-093274FBEB46}.MinSizeRel|x64.ActiveCfg = Release|x64
		{30C1B965-09EC-4928-A810-093274FBEB46}.MinSizeRel|x64.Build.0 = Release|x64
		{30C1B965-09EC-4928-A810-093274FBEB46}.MinSizeRel|x86.ActiveCfg = Release|Win32
		{30C1B965-09EC-4928-A810-093274FBEB46}.MinSizeRel|x86.Build.0 = Release|Win32
		{30C1B965-09EC-4928-A810-093274FBEB46}.Release|x64.ActiveCfg = Release|x64
		{30C1B965-09EC-4928-A810-093274FBEB46}.Release|x64.Build.0 = Release|x64
		{30C1B965-09EC-4928-A810-093274FBEB46}.Release|x86.ActiveCfg = Release|Win32
		{30C1B965-09EC-4928-A810-093274FBEB46}.Release|x86.Build.0 = Release|Win32
		{30C1B965-09EC-4928-A810-093274FBEB46}.RelWithDebInfo|x64.ActiveCfg = Release|x64
		{30C1B965-09EC-4928-A810-093274FBEB46}.RelWithDebInfo|x64.Build.0 = Release|x64
		{30C1B965-09EC-4928-A810-093274FBEB46}.RelWithDebInfo|x86.ActiveCfg = Release|Win32
		{30C1B965-09EC-4928-A810-093274FBEB46}.RelWithDebInfo|x86.Build.0 = Release|Win32
		{B2A3139C-8F1D-453F-B53E-16354DC6B7DC}.Debug|x64.ActiveCfg = Debug|x64
		{B2A3139C-8F1D-453F-B53E-16354DC6B7DC}.Debug|x64.Build.0 = Debug|x64
		{B2A3139C-8F1D-453F-B53E-16354DC6B7DC}.Debug|x86.ActiveCfg = Debug|Win32
		{B2A3139C-8F1D-453F-B53E-16354DC6B7DC}.Debug|x86.Build.0 = Debug|Win32
		{B2A3139C-8F1D-453F-B53E-16354DC6B7DC}.MinSizeRel|x64.ActiveCfg = Release|x64
		{B2A3139C-8F1D-453F-B53E-16354DC6B7DC}.MinSizeRel|x64.Build.0 = Release|x64
		{B2A3139C-8F1D-453F-B53E-16354DC6B7DC}.MinSizeRel|x86.ActiveCfg = Release|Win32
		{B2A3139C-8F1D-453F-B53E-16354DC6B7DC}.MinSizeRel|x86.Build.0 = Release|Win32
		{B2A3139C-8F1D-453F-B53E-16354DC6B7DC}.Release|x64.ActiveCfg = Release|x64
		{B2A3139C-8F1D-453F-B53E-16354DC6B7DC}.Release|x64.Build.0 = Release|x64
		{B2A3139C-8F1D-453F-B53E-16354DC6B7DC}.Release|x86.ActiveCfg = Release|Win32
		{B2A3139C-8F1D-453F-B53E-16354DC6B7DC}.Release|x86.Build.0 = Release|Win32
		{B2A3139C-8F1D-453F-B53E-16354DC6B7DC}.RelWithDebInfo|x64.ActiveCfg = Release|x64
		{B2A3139C-8F1D-453F-B53E-16354DC6B7DC}.RelWithDebInfo|x64.Build.0 = Release|x64
		{B2A3139C-8F1D-453F-B53E-16354DC6B7DC}.RelWithDebInfo|x86.ActiveCfg = Release|Win32
		{B2A3139C-8F1D-453F-B53E-16354DC6B7DC}.RelWithDebInfo|x86.Build.0 = Release|Win32
		{F73DB4BD-674A-441A-9AB2-9E7BC823DA5D}.Debug|x64.ActiveCfg = Debug|x64
		{F73DB4BD-674A-441A-9AB2-9E7BC823DA5D}.Debug|x64.Build.0 = Debug|x64
		{F73DB4BD-674A-441A-9AB2-9E7BC823DA5D}.Debug|x86.ActiveCfg = Debug|Win32
		{F73DB4BD-674A-441A-9AB2-9E7BC823DA5D}.Debug|x86.Build.0 = Debug|Win32
		{F73DB4BD-674A-441A-9AB2-9E7BC823DA5D}.MinSizeRel|x64.ActiveCfg = Release|x64
		{F73DB4BD-674A-441A-9AB2-9E7BC823DA5D}.MinSizeRel|x64.Build.0 = Release|x64
		{F73DB4BD-674A-441A-9AB2-9E7BC823DA5D}.MinSizeRel|x86.ActiveCfg = Release|Win32
		{F73DB4BD-674A-441A-9AB2-9E7BC823DA5D}.MinSizeRel|x86.Build.0 = Release|Win32
		{F73DB4BD-674A-441A-9AB2-9E7BC823DA5D}.Release|x64.ActiveCfg = Release|x64
		{F73DB4BD-674A-441A-9AB2-9E7BC823DA5D}.Release|x64.Build.0 = Release|x64
		{F73DB4BD-674A-441A-9AB2-9E7BC823DA5D}.Release|x86.ActiveCfg = Release|Win32
		{F73DB4BD-674A-441A-9AB2-9E7BC823DA5D}.Release|x86.Build.0 = Release|Win32
		{F73DB4BD-674A-441A-9AB2-9E7BC823DA5D}.RelWithDebInfo|x64.ActiveCfg = Release|x64
		{F73DB4BD-674A-441A-9AB2-9E7BC823DA5D}.RelWithDebInfo|x64.Build.0 = Release|x64
		{F73DB4BD-674A-441A-9AB2-9E7BC823DA5D}.RelWithDebInfo|x86.ActiveCfg = Release|Win32
		{F73DB4BD-674A-441A-9AB2-9E7BC823DA5D}.RelWithDebInfo|x86.Build.0 = Release|Win32
		{A2FE10E6-6309-42AF-BC97-0AFFC4D5CD7D}.Debug|x64.ActiveCfg = Debug|x64
		{A2FE10E6-6309-42AF-BC97-0AFFC4D5CD7D}.Debug|x64.Build.0 = Debug|x64
		{A2FE10E6-6309-42AF-BC97-0AFFC4D5CD7D}.Debug|x86.ActiveCfg = Debug|Win32
		{A2FE10E6-6309-42AF-BC97-0AFFC4D5CD7D}.Debug|x86.Build.0 = Debug|Win32
		{A2FE10E6-6309-42AF-BC97-0AFFC4D5CD7D}.MinSizeRel|x64.ActiveCfg = Release|x64
		{A2FE10E6-6309-42AF-BC97-0AFFC4D5CD7D}.MinSizeRel|x64.Build.0 = Release|x64
		{A2FE10E6-6309-42AF-BC97-0AFFC4D5CD7D}.MinSizeRel|x86.ActiveCfg = Release|Win32
		{A2FE10E6-6309-42AF-BC97-0AFFC4D5CD7D}.MinSizeRel|x86.Build.0 = Release|Win32
		{A2FE10E6-6309-42AF-BC97-0AFFC4D5CD7D}.Release|x64.ActiveCfg = Release|x64
		{A2FE10E6-6309-42AF-BC97-0AFFC4D5CD7D}.Release|x64.Build.0 = Release|x64
		{A2FE10E6-6309-42AF-BC97-0AFFC4D5CD7D}.Release|x86.ActiveCfg = Release|Win32
		{A2FE10E6-6309-42AF-BC97-0AFFC4D5CD7D}.Release|x86.Build.0 = Release|Win32
		{A2FE10E6-6309-42AF-BC97-0AFFC4D5CD7D}.RelWithDebInfo|x64.ActiveCfg = Release|x64
		{A2FE10E6-6309-42AF-BC97-0AFFC4D5CD7D}.RelWithDebInfo|x64.Build.0 = Release|x64
		{A2FE10E6-6309-42AF-BC97-0AFFC4D5CD7D}.RelWithDebInfo|x86.ActiveCfg = Release|Win32
		{A2FE10E6-6309-42AF-BC97-0AFFC4D5CD7D}.RelWithDebInfo|x86.Build.0 = Release|Win32
		{3A835B71-24B8-4268-AD6F-74A4950BD45D}.Debug|x64.ActiveCfg = Debug|x64
		{3A835B71-24B8-4268-AD6F-74A4950BD45D}.Debug|x64.Build.0 = Debug|x64
		{3A835B71-24B8-4268-AD6F-74A4950BD45D}.Debug|x86.ActiveCfg = Debug|Win32
		{3A835B71-24B8-4268-AD6F-74A4950BD45D}.Debug|x86.Build.0 = Debug|Win32
		{3A835B71-24B8-4268-AD6F-74A4950BD45D}.MinSizeRel|x64.ActiveCfg = Release|x64
		{3A835B71-24B8-4268-AD6F-74A4950BD45D}.MinSizeRel|x64.Build.0 = Release|x64
		{3A835B71-24B8-4268-AD6F-74A4950BD45D}.MinSizeRel|x86.ActiveCfg = Release|Win32
		{3A835B71-24B8-4268-AD6F-74A4950BD45D}.MinSizeRel|x86.Build.0 = Release|Win32
		{3A835B71-24B8-4268-AD6F-74A4950BD45D}.Release|x64.ActiveCfg = Release|x64
		{3A835B71-24B8-4268-AD6F-74A4950BD45D}.Release|x64.Build.0 = Release|x64
		{3A835B71-24B8-4268-AD6F-74A4950BD45D}.Release|x86.ActiveCfg = Release|Win32
		{3A835B71-24B8-4268-AD6F-74A4950BD45D}.Release|x86.Build.0 = Release|Win32
		{3A835B71-24B8-4268-AD6F-74A4950BD45D}.RelWithDebInfo|x64.ActiveCfg = Release|x64
		{3A835B71-24B8-4268-AD6F-74A4950BD45D}.RelWithDebInfo|x64.Build.0 = Release|x64
		{3A835B71-24B8-4268-AD6F-74A4950BD45D}.RelWithDebInfo|x86.ActiveCfg = Release|Win32
		{3A835B71-24B8-4268-AD6F-74A4950BD45D}.RelWithDebInfo|x86.Build.0 = Release|Win32
		{7812A865-7504-4BEE-9613-F4141B5E6313}.Debug|x64.ActiveCfg = Debug|x64
		{7812A865-7504-4BEE-9613-F4141B5E6313}.Debug|x64.Build.0 = Debug|x64
		{7812A865-7504-4BEE-9613-F4141B5E6313}.Debug|x86.ActiveCfg = Debug|Win32
		{7812A865-7504-4BEE-9613-F4141B5E6313}.Debug|x86.Build.0 = Debug|Win32
		{7812A865-7504-4BEE-9613-F4141B5E6313}.MinSizeRel|x64.ActiveCfg = Release|x64
		{7812A865-7504-4BEE-9613-F4141B5E6313}.MinSizeRel|x64.Build.0 = Release|x64
		{7812A865-7504-4BEE-9613-F4141B5E6313}.MinSizeRel|x86.ActiveCfg = Release|Win32
		{7812A865-7504-4BEE-9613-F4141B5E6313}.MinSizeRel|x86.Build.0 = Release|Win32
		{7812A865-7504-4BEE-9613-F4141B5E6313}.Release|x64.ActiveCfg = Release|x64
		{7812A865-7504-4BEE-9613-F4141B5E6313}.Release|x64.Build.0 = Release|x64
		{7812A865-7504-4BEE-9613-F4141B5E6313}.Release|x86.ActiveCfg = Release|Win32
		{7812A865-7504-4BEE-9613-F4141B5E6313}.Release|x86.Build.0 = Release|Win32
		{7812A865-7504-4BEE-9613-F4141B5E6313}.RelWithDebInfo|x64.ActiveCfg = Release|x64
		{7812A865-7504-4BEE-9613-F4141B5E6313}.RelWithDebInfo|x64.Build.0 = Release|x64
		{7812A865-7504-4BEE-9613-F4141B5E6313}.RelWithDebInfo|x86.ActiveCfg = Release|Win32
		{7812A865-7504-4BEE-9613-F4141B5E6313}.RelWithDebInfo|x86.Build.0 = Release|Win32
		{B5CF95CE-C3F6-4FF6-9652-472AABE2F739}.Debug|x64.ActiveCfg = Debug|x64
		{B5CF95CE-C3F6-4FF6-9652-472AABE2F739}.Debug|x64.Build.0 = Debug|x64
		{B5CF95CE-C3F6-4FF6-9652-472AABE2F739}.Debug|x86.ActiveCfg = Debug|Win32
		{B5CF95CE-C3F6-4FF6-9652-472AABE2F739}.Debug|x86.Build.0 = Debug|Win32
		{B5CF95CE-C3F6-4FF6-9652-472AABE2F739}.MinSizeRel|x64.ActiveCfg = Release|x64
		{B5CF95CE-C3F6-4FF6-9652-472AABE2F739}.MinSizeRel|x64.Build.0 = Release|x64
		{B5CF95CE-C3F6-4FF6-9652-472AABE2F739}.MinSizeRel|x86.ActiveCfg = Release|Win32
		{B5CF95CE-C3F6-4FF6-9652-472AABE2F739}.MinSizeRel|x86.Build.0 = Release|Win32
		{B5CF95CE-C3F6-4FF6-9652-472AABE2F739}.Release|x64.ActiveCfg = Release|x64
		{B5CF95CE-C3F6-4FF6-9652-472AABE2F739}.Release|x64.Build.0 = Release|x64
		{B5CF95CE-C3F6-4FF6-9652-472AABE2F739}.Release|x86.ActiveCfg = Release|Win32
		{B5CF95CE-C3F6-4FF6-9652-472AABE2F739}.Release|x86.Build.0 = Release|Win32
		{B5CF95CE-C3F6-4FF6-9652-472AABE2F739}.RelWithDebInfo|x64.ActiveCfg = Release|x64
		{B5CF95CE-C3F6-4FF6-9652-472AABE2F739}.RelWithDebInfo|x64.Build.0 = Release|x64
		{B5CF95CE-C3F6-4FF6-9652-472AABE2F739}.RelWithDebInfo|x86.ActiveCfg = Release|Win32
		{B5CF95CE-C3F6-4FF6-9652-472AABE2F739}.RelWithDebInfo|x86.Build.0 = Release|Win32
		{683D1B47-138B-4575-9DEC-27A74F4B7615}.Debug|x64.ActiveCfg = Debug|x64
		{683D1B47-138B-4575-9DEC-27A74F4B7615}.Debug|x64.Build.0 = Debug|x64
		{683D1B47-138B-4575-9DEC-27A74F4B7615}.Debug|x86.ActiveCfg = Debug|Win32
		{683D1B47-138B-4575-9DEC-27A74F4B7615}.Debug|x86.Build.0 = Debug|Win32
		{683D1B47-138B-4575-9DEC-27A74F4B7615}.MinSizeRel|x64.ActiveCfg = Release|x64
		{683D1B47-138B-4575-9DEC-27A74F4B7615}.MinSizeRel|x64.Build.0 = Release|x64
		{683D1B47-138B-4575-9DEC-27A74F4B7615}.MinSizeRel|x86.ActiveCfg = Release|Win32
		{683D1B47-138B-4575-9DEC-27A74F4B7615}.MinSizeRel|x86.Build.0 = Release|Win32
		{683D1B47-138B-4575-9DEC-27A74F4B7615}.Release|x64.ActiveCfg = Release|x64
		{683D1B47-138B-4575-9DEC-27A74F4B7615}.Release|x64.Build.0 = Release|x64
		{683D1B47-138B-4575-9DEC-27A74F4B7615}.Release|x86.ActiveCfg = Release|Win32
		{683D1B47-138B-4575-9DEC-27A74F4B7615}.Release|x86.Build.0 = Release|Win32
		{683D1B47-138B-4575-9DEC-27A74F4B7615}.RelWithDebInfo|x64.ActiveCfg = Release|x64
		{683D1B47-138B-4575-9DEC-27A74F4B7615}.RelWithDebInfo|x64.Build.0 = Release|x64
		{683D1B47-138B-4575-9DEC-27A74F4B7615}.RelWithDebInfo|x86.ActiveCfg = Release|Win32
		{683D1B47-138B-4575-9DEC-27A74F4B7615}.RelWithDebInfo|x86.Build.0 = Release|Win32
		{1CD61DCB-ED56-46AB-ADBD-40E6E3B9CC85}.Debug|x64.ActiveCfg = Debug|x64
		{1CD61DCB-ED56-46AB-ADBD-40E6E3B9CC85}.Debug|x64.Build.0 = Debug|x64
		{1CD61DCB-ED56-46AB-ADBD-40E6E3B9CC85}.Debug|x86.ActiveCfg = Debug|Win32
		{1CD61DCB-ED56-46AB-ADBD-40E6E3B9CC85}.Debug|x86.Build.0 = Debug|Win32
		{1CD61DCB-ED56-46AB-ADBD-40E6E3B9CC85}.MinSizeRel|x64.ActiveCfg = Release|x64
		{1CD61DCB-ED56-46AB-ADBD-40E6E3B9CC85}.MinSizeRel|x64.Build.0 = Release|x64
		{1CD61DCB-ED56-46AB-ADBD-40E6E3B9CC85}.MinSizeRel|x86.ActiveCfg = Release|Win32
		{1CD61DCB-ED56-46AB-ADBD-40E6E3B9CC85}.MinSizeRel|x86.Build.0 = Release|Win32
		{1CD61DCB-ED56-46AB-ADBD-40E6E3B9CC85}.Release|x64.ActiveCfg = Release|x64
		{1CD61DCB-ED56-46AB-ADBD-40E6E3B9CC85}.Release|x64.Build.0 = Release|x64
		{1CD61DCB-ED56-46AB-ADBD-40E6E3B9CC85}.Release|x86.ActiveCfg = Release|Win32
		{1CD61DCB-ED56-46AB-ADBD-40E6E3B9CC85}.Release|x86.Build.0 = Release|Win32
		{1CD61DCB-ED56-46AB-ADBD-40E6E3B9CC85}.RelWithDebInfo|x64.ActiveCfg = Release|x64
		{1CD61DCB-ED56-46AB-ADBD-40E6E3B9CC85}.RelWithDebInfo|x64.Build.0 = Release|x64
		{1CD61DCB-ED56-46AB-ADBD-40E6E3B9CC85}.RelWithDebInfo|x86.ActiveCfg = Release|Win32
		{1CD61DCB-ED56-46AB-ADBD-40E6E3B9CC85}.RelWithDebInfo|x86.Build.0 = Release|Win32
		{C10E418E-3D35-4737-8F7B-FB3AD6063187}.Debug|x64.ActiveCfg = Debug|x64
		{C10E418E-3D35-4737-8F7B-FB3AD6063187}.Debug|x64.Build.0 = Debug|x64
		{C10E418E-3D35-4737-8F7B-FB3AD6063187}.Debug|x86.ActiveCfg = Debug|Win32
		{C10E418E-3D35-4737-8F7B-FB3AD6063187}.Debug|x86.Build.0 = Debug|Win32
		{C10E418E-3D35-4737-8F7B-FB3AD6063187}.MinSizeRel|x64.ActiveCfg = Release|x64
		{C10E418E-3D35-4737-8F7B-FB3AD6063187}.MinSizeRel|x64.Build.0 = Release|x64
		{C10E418E-3D35-4737-8F7B-FB3AD6063187}.MinSizeRel|x86.ActiveCfg = Release|Win32
		{C10E418E-3D35-4737-8F7B-FB3AD6063187}.MinSizeRel|x86.Build.0 = Release|Win32
		{C10E418E-3D35-4737-8F7B-FB3AD6063187}.Release|x64.ActiveCfg = Release|x64
		{C10E418E-3D35-4737-8F7B-FB3AD6063187}.Release|x64.Build.0 = Release|x64
		{C10E418E-3D35-4737-8F7B-FB3AD6063187}.Release|x86.ActiveCfg = Release|Win32
		{C10E418E-3D35-4737-8F7B-FB3AD6063187}.Release|x86.Build.0 = Release|Win32
		{C10E418E-3D35-4737-8F7B-FB3AD6063187}.RelWithDebInfo|x64.ActiveCfg = Release|x64
		{C10E418E-3D35-4737-8F7B-FB3AD6063187}.RelWithDebInfo|x64.Build.0 = Release|x64
		{C10E418E-3D35-4737-8F7B-FB3AD6063187}.RelWithDebInfo|x86.ActiveCfg = Release|Win32
		{C10E418E-3D35-4737-8F7B-FB3AD6063187}.RelWithDebInfo|x86.Build.0 = Release|Win32
		{2960C69F-C728-452D-A08F-42A7436567FE}.Debug|x64.ActiveCfg = Debug|x64
		{2960C69F-C728-452D-A08F-42A7436567FE}.Debug|x64.Build.0 = Debug|x64
		{2960C69F-C728-452D-A08F-42A7436567FE}.Debug|x86.ActiveCfg = Debug|x64
		{2960C69F-C728-452D-A08F-42A7436567FE}.MinSizeRel|x64.ActiveCfg = Release|x64
		{2960C69F-C728-452D-A08F-42A7436567FE}.MinSizeRel|x64.Build.0 = Release|x64
		{2960C69F-C728-452D-A08F-42A7436567FE}.MinSizeRel|x86.ActiveCfg = Release|Win32
		{2960C69F-C728-452D-A08F-42A7436567FE}.MinSizeRel|x86.Build.0 = Release|Win32
		{2960C69F-C728-452D-A08F-42A7436567FE}.Release|x64.ActiveCfg = Release|x64
		{2960C69F-C728-452D-A08F-42A7436567FE}.Release|x64.Build.0 = Release|x64
		{2960C69F-C728-452D-A08F-42A7436567FE}.Release|x86.ActiveCfg = Release|x64
		{2960C69F-C728-452D-A08F-42A7436567FE}.RelWithDebInfo|x64.ActiveCfg = Release|x64
		{2960C69F-C728-452D-A08F-42A7436567FE}.RelWithDebInfo|x64.Build.0 = Release|x64
		{2960C69F-C728-452D-A08F-42A7436567FE}.RelWithDebInfo|x86.ActiveCfg = Release|Win32
		{2960C69F-C728-452D-A08F-42A7436567FE}.RelWithDebInfo|x86.Build.0 = Release|Win32
		{2E6BF5E8-69DF-48EE-AF81-F6B5A8AFE6D7}.Debug|x64.ActiveCfg = Debug|x64
		{2E6BF5E8-69DF-48EE-AF81-F6B5A8AFE6D7}.Debug|x64.Build.0 = Debug|x64
		{2E6BF5E8-69DF-48EE-AF81-F6B5A8AFE6D7}.Debug|x86.ActiveCfg = Debug|Win32
		{2E6BF5E8-69DF-48EE-AF81-F6B5A8AFE6D7}.Debug|x86.Build.0 = Debug|Win32
		{2E6BF5E8-69DF-48EE-AF81-F6B5A8AFE6D7}.MinSizeRel|x64.ActiveCfg = Release|x64
		{2E6BF5E8-69DF-48EE-AF81-F6B5A8AFE6D7}.MinSizeRel|x64.Build.0 = Release|x64
		{2E6BF5E8-69DF-48EE-AF81-F6B5A8AFE6D7}.MinSizeRel|x86.ActiveCfg = Release|Win32
		{2E6BF5E8-69DF-48EE-AF81-F6B5A8AFE6D7}.MinSizeRel|x86.Build.0 = Release|Win32
		{2E6BF5E8-69DF-48EE-AF81-F6B5A8AFE6D7}.Release|x64.ActiveCfg = Release|x64
		{2E6BF5E8-69DF-48EE-AF81-F6B5A8AFE6D7}.Release|x64.Build.0 = Release|x64
		{2E6BF5E8-69DF-48EE-AF81-F6B5A8AFE6D7}.Release|x86.ActiveCfg = Release|Win32
		{2E6BF5E8-69DF-48EE-AF81-F6B5A8AFE6D7}.Release|x86.Build.0 = Release|Win32
		{2E6BF5E8-69DF-48EE-AF81-F6B5A8AFE6D7}.RelWithDebInfo|x64.ActiveCfg = Release|x64
		{2E6BF5E8-69DF-48EE-AF81-F6B5A8AFE6D7}.RelWithDebInfo|x64.Build.0 = Release|x64
		{2E6BF5E8-69DF-48EE-AF81-F6B5A8AFE6D7}.RelWithDebInfo|x86.ActiveCfg = Release|Win32
		{2E6BF5E8-69DF-48EE-AF81-F6B5A8AFE6D7}.RelWithDebInfo|x86.Build.0 = Release|Win32
		{2EB153F6-1DBA-4CF8-8F9D-BE3DB30C7F26}.Debug|x64.ActiveCfg = Debug|x64
		{2EB153F6-1DBA-4CF8-8F9D-BE3DB30C7F26}.Debug|x64.Build.0 = Debug|x64
		{2EB153F6-1DBA-4CF8-8F9D-BE3DB30C7F26}.Debug|x86.ActiveCfg = Debug|Win32
		{2EB153F6-1DBA-4CF8-8F9D-BE3DB30C7F26}.Debug|x86.Build.0 = Debug|Win32
		{2EB153F6-1DBA-4CF8-8F9D-BE3DB30C7F26}.MinSizeRel|x64.ActiveCfg = Debug|x64
		{2EB153F6-1DBA-4CF8-8F9D-BE3DB30C7F26}.MinSizeRel|x64.Build.0 = Debug|x64
		{2EB153F6-1DBA-4CF8-8F9D-BE3DB30C7F26}.MinSizeRel|x86.ActiveCfg = Debug|Win32
		{2EB153F6-1DBA-4CF8-8F9D-BE3DB30C7F26}.MinSizeRel|x86.Build.0 = Debug|Win32
		{2EB153F6-1DBA-4CF8-8F9D-BE3DB30C7F26}.Release|x64.ActiveCfg = Release|x64
		{2EB153F6-1DBA-4CF8-8F9D-BE3DB30C7F26}.Release|x64.Build.0 = Release|x64
		{2EB153F6-1DBA-4CF8-8F9D-BE3DB30C7F26}.Release|x86.ActiveCfg = Release|Win32
		{2EB153F6-1DBA-4CF8-8F9D-BE3DB30C7F26}.Release|x86.Build.0 = Release|Win32
		{2EB153F6-1DBA-4CF8-8F9D-BE3DB30C7F26}.RelWithDebInfo|x64.ActiveCfg = Release|x64
		{2EB153F6-1DBA-4CF8-8F9D-BE3DB30C7F26}.RelWithDebInfo|x64.Build.0 = Release|x64
		{2EB153F6-1DBA-4CF8-8F9D-BE3DB30C7F26}.RelWithDebInfo|x86.ActiveCfg = Release|Win32
		{2EB153F6-1DBA-4CF8-8F9D-BE3DB30C7F26}.RelWithDebInfo|x86.Build.0 = Release|Win32
		{AA7F0C72-C9D3-41AF-9696-2C6841201FEC}.Debug|x64.ActiveCfg = Debug|x64
		{AA7F0C72-C9D3-41AF-9696-2C6841201FEC}.Debug|x64.Build.0 = Debug|x64
		{AA7F0C72-C9D3-41AF-9696-2C6841201FEC}.Debug|x86.ActiveCfg = Debug|Win32
		{AA7F0C72-C9D3-41AF-9696-2C6841201FEC}.Debug|x86.Build.0 = Debug|Win32
		{AA7F0C72-C9D3-41AF-9696-2C6841201FEC}.MinSizeRel|x64.ActiveCfg = Debug|x64
		{AA7F0C72-C9D3-41AF-9696-2C6841201FEC}.MinSizeRel|x64.Build.0 = Debug|x64
		{AA7F0C72-C9D3-41AF-9696-2C6841201FEC}.MinSizeRel|x86.ActiveCfg = Debug|Win32
		{AA7F0C72-C9D3-41AF-9696-2C6841201FEC}.MinSizeRel|x86.Build.0 = Debug|Win32
		{AA7F0C72-C9D3-41AF-9696-2C6841201FEC}.Release|x64.ActiveCfg = Release|x64
		{AA7F0C72-C9D3-41AF-9696-2C6841201FEC}.Release|x64.Build.0 = Release|x64
		{AA7F0C72-C9D3-41AF-9696-2C6841201FEC}.Release|x86.ActiveCfg = Release|Win32
		{AA7F0C72-C9D3-41AF-9696-2C6841201FEC}.Release|x86.Build.0 = Release|Win32
		{AA7F0C72-C9D3-41AF-9696-2C6841201FEC}.RelWithDebInfo|x64.ActiveCfg = Release|x64
		{AA7F0C72-C9D3-41AF-9696-2C6841201FEC}.RelWithDebInfo|x64.Build.0 = Release|x64
		{AA7F0C72-C9D3-41AF-9696-2C6841201FEC}.RelWithDebInfo|x86.ActiveCfg = Release|Win32
		{AA7F0C72-C9D3-41AF-9696-2C6841201FEC}.RelWithDebInfo|x86.Build.0 = Release|Win32
		{57F67AA8-84B2-4132-AE1F-72572FF561DA}.Debug|x64.ActiveCfg = Debug|x64
		{57F67AA8-84B2-4132-AE1F-72572FF561DA}.Debug|x64.Build.0 = Debug|x64
		{57F67AA8-84B2-4132-AE1F-72572FF561DA}.Debug|x86.ActiveCfg = Debug|Win32
		{57F67AA8-84B2-4132-AE1F-72572FF561DA}.Debug|x86.Build.0 = Debug|Win32
		{57F67AA8-84B2-4132-AE1F-72572FF561DA}.MinSizeRel|x64.ActiveCfg = Debug|x64
		{57F67AA8-84B2-4132-AE1F-72572FF561DA}.MinSizeRel|x64.Build.0 = Debug|x64
		{57F67AA8-84B2-4132-AE1F-72572FF561DA}.MinSizeRel|x86.ActiveCfg = Debug|Win32
		{57F67AA8-84B2-4132-AE1F-72572FF561DA}.MinSizeRel|x86.Build.0 = Debug|Win32
		{57F67AA8-84B2-4132-AE1F-72572FF561DA}.Release|x64.ActiveCfg = Release|x64
		{57F67AA8-84B2-4132-AE1F-72572FF561DA}.Release|x64.Build.0 = Release|x64
		{57F67AA8-84B2-4132-AE1F-72572FF561DA}.Release|x86.ActiveCfg = Release|Win32
		{57F67AA8-84B2-4132-AE1F-72572FF561DA}.Release|x86.Build.0 = Release|Win32
		{57F67AA8-84B2-4132-AE1F-72572FF561DA}.RelWithDebInfo|x64.ActiveCfg = Release|x64
		{57F67AA8-84B2-4132-AE1F-72572FF561DA}.RelWithDebInfo|x64.Build.0 = Release|x64
		{57F67AA8-84B2-4132-AE1F-72572FF561DA}.RelWithDebInfo|x86.ActiveCfg = Release|Win32
		{57F67AA8-84B2-4132-AE1F-72572FF561DA}.RelWithDebInfo|x86.Build.0 = Release|Win32
		{69E936B6-C380-4A62-AD90-75614F83FE50}.Debug|x64.ActiveCfg = Debug|x64
		{69E936B6-C380-4A62-AD90-75614F83FE50}.Debug|x64.Build.0 = Debug|x64
		{69E936B6-C380-4A62-AD90-75614F83FE50}.Debug|x86.ActiveCfg = Debug|Win32
		{69E936B6-C380-4A62-AD90-75614F83FE50}.Debug|x86.Build.0 = Debug|Win32
		{69E936B6-C380-4A62-AD90-75614F83FE50}.MinSizeRel|x64.ActiveCfg = Debug|x64
		{69E936B6-C380-4A62-AD90-75614F83FE50}.MinSizeRel|x64.Build.0 = Debug|x64
		{69E936B6-C380-4A62-AD90-75614F83FE50}.MinSizeRel|x86.ActiveCfg = Debug|Win32
		{69E936B6-C380-4A62-AD90-75614F83FE50}.MinSizeRel|x86.Build.0 = Debug|Win32
		{69E936B6-C380-4A62-AD90-75614F83FE50}.Release|x64.ActiveCfg = Release|x64
		{69E936B6-C380-4A62-AD90-75614F83FE50}.Release|x64.Build.0 = Release|x64
		{69E936B6-C380-4A62-AD90-75614F83FE50}.Release|x86.ActiveCfg = Release|Win32
		{69E936B6-C380-4A62-AD90-75614F83FE50}.Release|x86.Build.0 = Release|Win32
		{69E936B6-C380-4A62-AD90-75614F83FE50}.RelWithDebInfo|x64.ActiveCfg = Release|x64
		{69E936B6-C380-4A62-AD90-75614F83FE50}.RelWithDebInfo|x64.Build.0 = Release|x64
		{69E936B6-C380-4A62-AD90-75614F83FE50}.RelWithDebInfo|x86.ActiveCfg = Release|Win32
		{69E936B6-C380-4A62-AD90-75614F83FE50}.RelWithDebInfo|x86.Build.0 = Release|Win32
		{2942F596-3AD9-46DC-865B-F84BECFE8BDB}.Debug|x64.ActiveCfg = Debug|x64
		{2942F596-3AD9-46DC-865B-F84BECFE8BDB}.Debug|x64.Build.0 = Debug|x64
		{2942F596-3AD9-46DC-865B-F84BECFE8BDB}.Debug|x86.ActiveCfg = Debug|Win32
		{2942F596-3AD9-46DC-865B-F84BECFE8BDB}.Debug|x86.Build.0 = Debug|Win32
		{2942F596-3AD9-46DC-865B-F84BECFE8BDB}.MinSizeRel|x64.ActiveCfg = Debug|x64
		{2942F596-3AD9-46DC-865B-F84BECFE8BDB}.MinSizeRel|x64.Build.0 = Debug|x64
		{2942F596-3AD9-46DC-865B-F84BECFE8BDB}.MinSizeRel|x86.ActiveCfg = Debug|Win32
		{2942F596-3AD9-46DC-865B-F84BECFE8BDB}.MinSizeRel|x86.Build.0 = Debug|Win32
		{2942F596-3AD9-46DC-865B-F84BECFE8BDB}.Release|x64.ActiveCfg = Release|x64
		{2942F596-3AD9-46DC-865B-F84BECFE8BDB}.Release|x64.Build.0 = Release|x64
		{2942F596-3AD9-46DC-865B-F84BECFE8BDB}.Release|x86.ActiveCfg = Release|Win32
		{2942F596-3AD9-46DC-865B-F84BECFE8BDB}.Release|x86.Build.0 = Release|Win32
		{2942F596-3AD9-46DC-865B-F84BECFE8BDB}.RelWithDebInfo|x64.ActiveCfg = Release|x64
		{2942F596-3AD9-46DC-865B-F84BECFE8BDB}.RelWithDebInfo|x64.Build.0 = Release|x64
		{2942F596-3AD9-46DC-865B-F84BECFE8BDB}.RelWithDebInfo|x86.ActiveCfg = Release|Win32
		{2942F596-3AD9-46DC-865B-F84BECFE8BDB}.RelWithDebInfo|x86.Build.0 = Release|Win32
		{3EDA72B4-0BF1-4D04-ADE4-B6ED77CDB985}.Debug|x64.ActiveCfg = Debug|x64
		{3EDA72B4-0BF1-4D04-ADE4-B6ED77CDB985}.Debug|x64.Build.0 = Debug|x64
		{3EDA72B4-0BF1-4D04-ADE4-B6ED77CDB985}.Debug|x86.ActiveCfg = Debug|Win32
		{3EDA72B4-0BF1-4D04-ADE4-B6ED77CDB985}.Debug|x86.Build.0 = Debug|Win32
		{3EDA72B4-0BF1-4D04-ADE4-B6ED77CDB985}.MinSizeRel|x64.ActiveCfg = Release|x64
		{3EDA72B4-0BF1-4D04-ADE4-B6ED77CDB985}.MinSizeRel|x64.Build.0 = Release|x64
		{3EDA72B4-0BF1-4D04-ADE4-B6ED77CDB985}.MinSizeRel|x86.ActiveCfg = Debug|Win32
		{3EDA72B4-0BF1-4D04-ADE4-B6ED77CDB985}.MinSizeRel|x86.Build.0 = Debug|Win32
		{3EDA72B4-0BF1-4D04-ADE4-B6ED77CDB985}.Release|x64.ActiveCfg = Release|x64
		{3EDA72B4-0BF1-4D04-ADE4-B6ED77CDB985}.Release|x64.Build.0 = Release|x64
		{3EDA72B4-0BF1-4D04-ADE4-B6ED77CDB985}.Release|x86.ActiveCfg = Release|Win32
		{3EDA72B4-0BF1-4D04-ADE4-B6ED77CDB985}.Release|x86.Build.0 = Release|Win32
		{3EDA72B4-0BF1-4D04-ADE4-B6ED77CDB985}.RelWithDebInfo|x64.ActiveCfg = Release|x64
		{3EDA72B4-0BF1-4D04-ADE4-B6ED77CDB985}.RelWithDebInfo|x64.Build.0 = Release|x64
		{3EDA72B4-0BF1-4D04-ADE4-B6ED77CDB985}.RelWithDebInfo|x86.ActiveCfg = Release|Win32
		{3EDA72B4-0BF1-4D04-ADE4-B6ED77CDB985}.RelWithDebInfo|x86.Build.0 = Release|Win32
		{587C2B17-CB09-4CD4-B809-84A499B9B89F}.Debug|x64.ActiveCfg = Debug|x64
		{587C2B17-CB09-4CD4-B809-84A499B9B89F}.Debug|x64.Build.0 = Debug|x64
		{587C2B17-CB09-4CD4-B809-84A499B9B89F}.Debug|x86.ActiveCfg = Debug|Win32
		{587C2B17-CB09-4CD4-B809-84A499B9B89F}.Debug|x86.Build.0 = Debug|Win32
		{587C2B17-CB09-4CD4-B809-84A499B9B89F}.MinSizeRel|x64.ActiveCfg = Debug|x64
		{587C2B17-CB09-4CD4-B809-84A499B9B89F}.MinSizeRel|x64.Build.0 = Debug|x64
		{587C2B17-CB09-4CD4-B809-84A499B9B89F}.MinSizeRel|x86.ActiveCfg = Debug|Win32
		{587C2B17-CB09-4CD4-B809-84A499B9B89F}.MinSizeRel|x86.Build.0 = Debug|Win32
		{587C2B17-CB09-4CD4-B809-84A499B9B89F}.Release|x64.ActiveCfg = Release|x64
		{587C2B17-CB09-4CD4-B809-84A499B9B89F}.Release|x64.Build.0 = Release|x64
		{587C2B17-CB09-4CD4-B809-84A499B9B89F}.Release|x86.ActiveCfg = Release|Win32
		{587C2B17-CB09-4CD4-B809-84A499B9B89F}.Release|x86.Build.0 = Release|Win32
		{587C2B17-CB09-4CD4-B809-84A499B9B89F}.RelWithDebInfo|x64.ActiveCfg = Release|x64
		{587C2B17-CB09-4CD4-B809-84A499B9B89F}.RelWithDebInfo|x64.Build.0 = Release|x64
		{587C2B17-CB09-4CD4-B809-84A499B9B89F}.RelWithDebInfo|x86.ActiveCfg = Release|Win32
		{587C2B17-CB09-4CD4-B809-84A499B9B89F}.RelWithDebInfo|x86.Build.0 = Release|Win32
	EndGlobalSection
	GlobalSection(SolutionProperties) = preSolution
		HideSolutionNode = FALSE
	EndGlobalSection
	GlobalSection(ExtensibilityGlobals) = postSolution
		SolutionGuid = {3222759C-3EE2-4FC5-8162-6BE8ECF0808E}
	EndGlobalSection
EndGlobal
